
Microsoft Visual Studio Solution File, Format Version 12.00
# Visual Studio Version 17
VisualStudioVersion = 17.9.34723.18
MinimumVisualStudioVersion = 10.0.40219.1
Project("{9A19103F-16F7-4668-BE54-9A1E7A4F7556}") = "Insania.Api", "Insania.Api\Insania.Api.csproj", "{C9D4B255-7A94-470C-A7D6-CC7C08CB611D}"
EndProject
Project("{9A19103F-16F7-4668-BE54-9A1E7A4F7556}") = "Insania.App", "Insania.App\Insania.App.csproj", "{1D609515-EAC7-4C56-AB7E-6570D6058DB9}"
EndProject
Project("{9A19103F-16F7-4668-BE54-9A1E7A4F7556}") = "Insania.Models", "Insania.Models\Insania.Models.csproj", "{671E6CCD-4DB4-4184-B3FA-6BAFA6E4E134}"
EndProject
Project("{9A19103F-16F7-4668-BE54-9A1E7A4F7556}") = "Insania.BusinessLogic", "Insania.BusinessLogic\Insania.BusinessLogic.csproj", "{C6A3233E-2269-4D93-A9A1-4F1BC182E7C6}"
EndProject
Project("{9A19103F-16F7-4668-BE54-9A1E7A4F7556}") = "Insania.Database", "Insania.Database\Insania.Database.csproj", "{C5428E0E-1A50-4E92-84F9-31F033853AA0}"
EndProject
Project("{9A19103F-16F7-4668-BE54-9A1E7A4F7556}") = "Insania.Initializer", "Insania.Initializer\Insania.Initializer.csproj", "{1F1E2C8B-5D80-4AB6-8D34-C0451CD6DA96}"
EndProject
Project("{9A19103F-16F7-4668-BE54-9A1E7A4F7556}") = "Insania.Web", "Insania.Web\Insania.Web.csproj", "{30463D97-22B8-47D8-B36E-CDB6071E9EF6}"
EndProject
Global
	GlobalSection(SolutionConfigurationPlatforms) = preSolution
		Debug|Any CPU = Debug|Any CPU
		Release|Any CPU = Release|Any CPU
	EndGlobalSection
	GlobalSection(ProjectConfigurationPlatforms) = postSolution
		{C9D4B255-7A94-470C-A7D6-CC7C08CB611D}.Debug|Any CPU.ActiveCfg = Debug|Any CPU
		{C9D4B255-7A94-470C-A7D6-CC7C08CB611D}.Debug|Any CPU.Build.0 = Debug|Any CPU
		{C9D4B255-7A94-470C-A7D6-CC7C08CB611D}.Release|Any CPU.ActiveCfg = Release|Any CPU
		{C9D4B255-7A94-470C-A7D6-CC7C08CB611D}.Release|Any CPU.Build.0 = Release|Any CPU
		{1D609515-EAC7-4C56-AB7E-6570D6058DB9}.Debug|Any CPU.ActiveCfg = Debug|Any CPU
		{1D609515-EAC7-4C56-AB7E-6570D6058DB9}.Debug|Any CPU.Build.0 = Debug|Any CPU
		{1D609515-EAC7-4C56-AB7E-6570D6058DB9}.Debug|Any CPU.Deploy.0 = Debug|Any CPU
		{1D609515-EAC7-4C56-AB7E-6570D6058DB9}.Release|Any CPU.ActiveCfg = Release|Any CPU
		{1D609515-EAC7-4C56-AB7E-6570D6058DB9}.Release|Any CPU.Build.0 = Release|Any CPU
		{1D609515-EAC7-4C56-AB7E-6570D6058DB9}.Release|Any CPU.Deploy.0 = Release|Any CPU
		{671E6CCD-4DB4-4184-B3FA-6BAFA6E4E134}.Debug|Any CPU.ActiveCfg = Debug|Any CPU
		{671E6CCD-4DB4-4184-B3FA-6BAFA6E4E134}.Debug|Any CPU.Build.0 = Debug|Any CPU
		{671E6CCD-4DB4-4184-B3FA-6BAFA6E4E134}.Release|Any CPU.ActiveCfg = Release|Any CPU
		{671E6CCD-4DB4-4184-B3FA-6BAFA6E4E134}.Release|Any CPU.Build.0 = Release|Any CPU
		{C6A3233E-2269-4D93-A9A1-4F1BC182E7C6}.Debug|Any CPU.ActiveCfg = Debug|Any CPU
		{C6A3233E-2269-4D93-A9A1-4F1BC182E7C6}.Debug|Any CPU.Build.0 = Debug|Any CPU
		{C6A3233E-2269-4D93-A9A1-4F1BC182E7C6}.Release|Any CPU.ActiveCfg = Release|Any CPU
		{C6A3233E-2269-4D93-A9A1-4F1BC182E7C6}.Release|Any CPU.Build.0 = Release|Any CPU
		{C5428E0E-1A50-4E92-84F9-31F033853AA0}.Debug|Any CPU.ActiveCfg = Debug|Any CPU
		{C5428E0E-1A50-4E92-84F9-31F033853AA0}.Debug|Any CPU.Build.0 = Debug|Any CPU
		{C5428E0E-1A50-4E92-84F9-31F033853AA0}.Release|Any CPU.ActiveCfg = Release|Any CPU
		{C5428E0E-1A50-4E92-84F9-31F033853AA0}.Release|Any CPU.Build.0 = Release|Any CPU
		{1F1E2C8B-5D80-4AB6-8D34-C0451CD6DA96}.Debug|Any CPU.ActiveCfg = Debug|Any CPU
		{1F1E2C8B-5D80-4AB6-8D34-C0451CD6DA96}.Debug|Any CPU.Build.0 = Debug|Any CPU
		{1F1E2C8B-5D80-4AB6-8D34-C0451CD6DA96}.Release|Any CPU.ActiveCfg = Release|Any CPU
		{1F1E2C8B-5D80-4AB6-8D34-C0451CD6DA96}.Release|Any CPU.Build.0 = Release|Any CPU
		{30463D97-22B8-47D8-B36E-CDB6071E9EF6}.Debug|Any CPU.ActiveCfg = Debug|Any CPU
		{30463D97-22B8-47D8-B36E-CDB6071E9EF6}.Debug|Any CPU.Build.0 = Debug|Any CPU
		{30463D97-22B8-47D8-B36E-CDB6071E9EF6}.Release|Any CPU.ActiveCfg = Release|Any CPU
		{30463D97-22B8-47D8-B36E-CDB6071E9EF6}.Release|Any CPU.Build.0 = Release|Any CPU
	EndGlobalSection
	GlobalSection(SolutionProperties) = preSolution
		HideSolutionNode = FALSE
	EndGlobalSection
	GlobalSection(ExtensibilityGlobals) = postSolution
		SolutionGuid = {CFA42F14-78A7-4A0F-8463-555767CD8D7F}
	EndGlobalSection
EndGlobal
